// !$*UTF8*$!
{
	archiveVersion = 1;
	classes = {
	};
	objectVersion = 50;
	objects = {

/* Begin PBXBuildFile section */
		CD42AA82211C6AE5008027BD /* AppDelegate.swift in Sources */ = {isa = PBXBuildFile; fileRef = CD42AA81211C6AE5008027BD /* AppDelegate.swift */; };
		CD42AA84211C6AE5008027BD /* ViewController.swift in Sources */ = {isa = PBXBuildFile; fileRef = CD42AA83211C6AE5008027BD /* ViewController.swift */; };
		CD42AA87211C6AE5008027BD /* Main.storyboard in Resources */ = {isa = PBXBuildFile; fileRef = CD42AA85211C6AE5008027BD /* Main.storyboard */; };
		CD42AA89211C6AE6008027BD /* Assets.xcassets in Resources */ = {isa = PBXBuildFile; fileRef = CD42AA88211C6AE6008027BD /* Assets.xcassets */; };
		CD42AA8C211C6AE6008027BD /* LaunchScreen.storyboard in Resources */ = {isa = PBXBuildFile; fileRef = CD42AA8A211C6AE6008027BD /* LaunchScreen.storyboard */; };
		CD42AA97211C6AE6008027BD /* testAppObjcTests.swift in Sources */ = {isa = PBXBuildFile; fileRef = CD42AA96211C6AE6008027BD /* testAppObjcTests.swift */; };
/* End PBXBuildFile section */

/* Begin PBXContainerItemProxy section */
		CD42AA93211C6AE6008027BD /* PBXContainerItemProxy */ = {
			isa = PBXContainerItemProxy;
			containerPortal = CD42AA76211C6AE5008027BD /* Project object */;
			proxyType = 1;
			remoteGlobalIDString = CD42AA7D211C6AE5008027BD;
			remoteInfo = testAppObjc;
		};
/* End PBXContainerItemProxy section */

/* Begin PBXFileReference section */
		CD42AA7E211C6AE5008027BD /* testAppObjc.app */ = {isa = PBXFileReference; explicitFileType = wrapper.application; includeInIndex = 0; path = testAppObjc.app; sourceTree = BUILT_PRODUCTS_DIR; };
		CD42AA81211C6AE5008027BD /* AppDelegate.swift */ = {isa = PBXFileReference; lastKnownFileType = sourcecode.swift; path = AppDelegate.swift; sourceTree = "<group>"; };
		CD42AA83211C6AE5008027BD /* ViewController.swift */ = {isa = PBXFileReference; lastKnownFileType = sourcecode.swift; path = ViewController.swift; sourceTree = "<group>"; };
		CD42AA86211C6AE5008027BD /* Base */ = {isa = PBXFileReference; lastKnownFileType = file.storyboard; name = Base; path = Base.lproj/Main.storyboard; sourceTree = "<group>"; };
		CD42AA88211C6AE6008027BD /* Assets.xcassets */ = {isa = PBXFileReference; lastKnownFileType = folder.assetcatalog; path = Assets.xcassets; sourceTree = "<group>"; };
		CD42AA8B211C6AE6008027BD /* Base */ = {isa = PBXFileReference; lastKnownFileType = file.storyboard; name = Base; path = Base.lproj/LaunchScreen.storyboard; sourceTree = "<group>"; };
		CD42AA8D211C6AE6008027BD /* Info.plist */ = {isa = PBXFileReference; lastKnownFileType = text.plist.xml; path = Info.plist; sourceTree = "<group>"; };
		CD42AA92211C6AE6008027BD /* testAppObjcTests.xctest */ = {isa = PBXFileReference; explicitFileType = wrapper.cfbundle; includeInIndex = 0; path = testAppObjcTests.xctest; sourceTree = BUILT_PRODUCTS_DIR; };
		CD42AA96211C6AE6008027BD /* testAppObjcTests.swift */ = {isa = PBXFileReference; lastKnownFileType = sourcecode.swift; path = testAppObjcTests.swift; sourceTree = "<group>"; };
		CD42AA98211C6AE6008027BD /* Info.plist */ = {isa = PBXFileReference; lastKnownFileType = text.plist.xml; path = Info.plist; sourceTree = "<group>"; };
/* End PBXFileReference section */

/* Begin PBXFrameworksBuildPhase section */
		CD42AA7B211C6AE5008027BD /* Frameworks */ = {
			isa = PBXFrameworksBuildPhase;
			buildActionMask = 2147483647;
			files = (
			);
			runOnlyForDeploymentPostprocessing = 0;
		};
		CD42AA8F211C6AE6008027BD /* Frameworks */ = {
			isa = PBXFrameworksBuildPhase;
			buildActionMask = 2147483647;
			files = (
			);
			runOnlyForDeploymentPostprocessing = 0;
		};
/* End PBXFrameworksBuildPhase section */

/* Begin PBXGroup section */
		CD42AA75211C6AE5008027BD = {
			isa = PBXGroup;
			children = (
				CD42AA80211C6AE5008027BD /* testAppObjc */,
				CD42AA95211C6AE6008027BD /* testAppObjcTests */,
				CD42AA7F211C6AE5008027BD /* Products */,
			);
			sourceTree = "<group>";
		};
		CD42AA7F211C6AE5008027BD /* Products */ = {
			isa = PBXGroup;
			children = (
				CD42AA7E211C6AE5008027BD /* testAppObjc.app */,
				CD42AA92211C6AE6008027BD /* testAppObjcTests.xctest */,
			);
			name = Products;
			sourceTree = "<group>";
		};
		CD42AA80211C6AE5008027BD /* testAppObjc */ = {
			isa = PBXGroup;
			children = (
				CD42AA81211C6AE5008027BD /* AppDelegate.swift */,
				CD42AA83211C6AE5008027BD /* ViewController.swift */,
				CD42AA85211C6AE5008027BD /* Main.storyboard */,
				CD42AA88211C6AE6008027BD /* Assets.xcassets */,
				CD42AA8A211C6AE6008027BD /* LaunchScreen.storyboard */,
				CD42AA8D211C6AE6008027BD /* Info.plist */,
			);
			path = testAppObjc;
			sourceTree = "<group>";
		};
		CD42AA95211C6AE6008027BD /* testAppObjcTests */ = {
			isa = PBXGroup;
			children = (
				CD42AA96211C6AE6008027BD /* testAppObjcTests.swift */,
				CD42AA98211C6AE6008027BD /* Info.plist */,
			);
			path = testAppObjcTests;
			sourceTree = "<group>";
		};
/* End PBXGroup section */

/* Begin PBXNativeTarget section */
		CD42AA7D211C6AE5008027BD /* testAppObjc */ = {
			isa = PBXNativeTarget;
			buildConfigurationList = CD42AA9B211C6AE6008027BD /* Build configuration list for PBXNativeTarget "testAppObjc" */;
			buildPhases = (
				CD42AA7A211C6AE5008027BD /* Sources */,
				CD42AA7B211C6AE5008027BD /* Frameworks */,
				CD42AA7C211C6AE5008027BD /* Resources */,
			);
			buildRules = (
			);
			dependencies = (
			);
			name = testAppObjc;
			productName = testAppObjc;
			productReference = CD42AA7E211C6AE5008027BD /* testAppObjc.app */;
			productType = "com.apple.product-type.application";
		};
		CD42AA91211C6AE6008027BD /* testAppObjcTests */ = {
			isa = PBXNativeTarget;
			buildConfigurationList = CD42AA9E211C6AE6008027BD /* Build configuration list for PBXNativeTarget "testAppObjcTests" */;
			buildPhases = (
				CD42AA8E211C6AE6008027BD /* Sources */,
				CD42AA8F211C6AE6008027BD /* Frameworks */,
				CD42AA90211C6AE6008027BD /* Resources */,
			);
			buildRules = (
			);
			dependencies = (
				CD42AA94211C6AE6008027BD /* PBXTargetDependency */,
			);
			name = testAppObjcTests;
			productName = testAppObjcTests;
			productReference = CD42AA92211C6AE6008027BD /* testAppObjcTests.xctest */;
			productType = "com.apple.product-type.bundle.unit-test";
		};
/* End PBXNativeTarget section */

/* Begin PBXProject section */
		CD42AA76211C6AE5008027BD /* Project object */ = {
			isa = PBXProject;
			attributes = {
				LastSwiftUpdateCheck = 0940;
				LastUpgradeCheck = 0940;
				ORGANIZATIONNAME = Novinfard;
				TargetAttributes = {
					CD42AA7D211C6AE5008027BD = {
						CreatedOnToolsVersion = 9.4.1;
					};
					CD42AA91211C6AE6008027BD = {
						CreatedOnToolsVersion = 9.4.1;
						TestTargetID = CD42AA7D211C6AE5008027BD;
					};
				};
			};
			buildConfigurationList = CD42AA79211C6AE5008027BD /* Build configuration list for PBXProject "testAppObjc" */;
			compatibilityVersion = "Xcode 9.3";
			developmentRegion = en;
			hasScannedForEncodings = 0;
			knownRegions = (
				en,
				Base,
			);
			mainGroup = CD42AA75211C6AE5008027BD;
			productRefGroup = CD42AA7F211C6AE5008027BD /* Products */;
			projectDirPath = "";
			projectRoot = "";
			targets = (
				CD42AA7D211C6AE5008027BD /* testAppObjc */,
				CD42AA91211C6AE6008027BD /* testAppObjcTests */,
			);
		};
/* End PBXProject section */

/* Begin PBXResourcesBuildPhase section */
		CD42AA7C211C6AE5008027BD /* Resources */ = {
			isa = PBXResourcesBuildPhase;
			buildActionMask = 2147483647;
			files = (
				CD42AA8C211C6AE6008027BD /* LaunchScreen.storyboard in Resources */,
				CD42AA89211C6AE6008027BD /* Assets.xcassets in Resources */,
				CD42AA87211C6AE5008027BD /* Main.storyboard in Resources */,
			);
			runOnlyForDeploymentPostprocessing = 0;
		};
		CD42AA90211C6AE6008027BD /* Resources */ = {
			isa = PBXResourcesBuildPhase;
			buildActionMask = 2147483647;
			files = (
			);
			runOnlyForDeploymentPostprocessing = 0;
		};
/* End PBXResourcesBuildPhase section */

/* Begin PBXSourcesBuildPhase section */
		CD42AA7A211C6AE5008027BD /* Sources */ = {
			isa = PBXSourcesBuildPhase;
			buildActionMask = 2147483647;
			files = (
				CD42AA84211C6AE5008027BD /* ViewController.swift in Sources */,
				CD42AA82211C6AE5008027BD /* AppDelegate.swift in Sources */,
			);
			runOnlyForDeploymentPostprocessing = 0;
		};
		CD42AA8E211C6AE6008027BD /* Sources */ = {
			isa = PBXSourcesBuildPhase;
			buildActionMask = 2147483647;
			files = (
				CD42AA97211C6AE6008027BD /* testAppObjcTests.swift in Sources */,
			);
			runOnlyForDeploymentPostprocessing = 0;
		};
/* End PBXSourcesBuildPhase section */

/* Begin PBXTargetDependency section */
		CD42AA94211C6AE6008027BD /* PBXTargetDependency */ = {
			isa = PBXTargetDependency;
			target = CD42AA7D211C6AE5008027BD /* testAppObjc */;
			targetProxy = CD42AA93211C6AE6008027BD /* PBXContainerItemProxy */;
		};
/* End PBXTargetDependency section */

/* Begin PBXVariantGroup section */
		CD42AA85211C6AE5008027BD /* Main.storyboard */ = {
			isa = PBXVariantGroup;
			children = (
				CD42AA86211C6AE5008027BD /* Base */,
			);
			name = Main.storyboard;
			sourceTree = "<group>";
		};
		CD42AA8A211C6AE6008027BD /* LaunchScreen.storyboard */ = {
			isa = PBXVariantGroup;
			children = (
				CD42AA8B211C6AE6008027BD /* Base */,
			);
			name = LaunchScreen.storyboard;
			sourceTree = "<group>";
		};
/* End PBXVariantGroup section */

/* Begin XCBuildConfiguration section */
		CD42AA99211C6AE6008027BD /* Debug */ = {
			isa = XCBuildConfiguration;
			buildSettings = {
				ALWAYS_SEARCH_USER_PATHS = NO;
				CLANG_ANALYZER_NONNULL = YES;
				CLANG_ANALYZER_NUMBER_OBJECT_CONVERSION = YES_AGGRESSIVE;
				CLANG_CXX_LANGUAGE_STANDARD = "gnu++14";
				CLANG_CXX_LIBRARY = "libc++";
				CLANG_ENABLE_MODULES = YES;
				CLANG_ENABLE_OBJC_ARC = YES;
				CLANG_ENABLE_OBJC_WEAK = YES;
				CLANG_WARN_BLOCK_CAPTURE_AUTORELEASING = YES;
				CLANG_WARN_BOOL_CONVERSION = YES;
				CLANG_WARN_COMMA = YES;
				CLANG_WARN_CONSTANT_CONVERSION = YES;
				CLANG_WARN_DEPRECATED_OBJC_IMPLEMENTATIONS = YES;
				CLANG_WARN_DIRECT_OBJC_ISA_USAGE = YES_ERROR;
				CLANG_WARN_DOCUMENTATION_COMMENTS = YES;
				CLANG_WARN_EMPTY_BODY = YES;
				CLANG_WARN_ENUM_CONVERSION = YES;
				CLANG_WARN_INFINITE_RECURSION = YES;
				CLANG_WARN_INT_CONVERSION = YES;
				CLANG_WARN_NON_LITERAL_NULL_CONVERSION = YES;
				CLANG_WARN_OBJC_IMPLICIT_RETAIN_SELF = YES;
				CLANG_WARN_OBJC_LITERAL_CONVERSION = YES;
				CLANG_WARN_OBJC_ROOT_CLASS = YES_ERROR;
				CLANG_WARN_RANGE_LOOP_ANALYSIS = YES;
				CLANG_WARN_STRICT_PROTOTYPES = YES;
				CLANG_WARN_SUSPICIOUS_MOVE = YES;
				CLANG_WARN_UNGUARDED_AVAILABILITY = YES_AGGRESSIVE;
				CLANG_WARN_UNREACHABLE_CODE = YES;
				CLANG_WARN__DUPLICATE_METHOD_MATCH = YES;
				CODE_SIGN_IDENTITY = "iPhone Developer";
				COPY_PHASE_STRIP = NO;
				DEBUG_INFORMATION_FORMAT = dwarf;
				ENABLE_STRICT_OBJC_MSGSEND = YES;
				ENABLE_TESTABILITY = YES;
				GCC_C_LANGUAGE_STANDARD = gnu11;
				GCC_DYNAMIC_NO_PIC = NO;
				GCC_NO_COMMON_BLOCKS = YES;
				GCC_OPTIMIZATION_LEVEL = 0;
				GCC_PREPROCESSOR_DEFINITIONS = (
					"DEBUG=1",
					"$(inherited)",
				);
				GCC_WARN_64_TO_32_BIT_CONVERSION = YES;
				GCC_WARN_ABOUT_RETURN_TYPE = YES_ERROR;
				GCC_WARN_UNDECLARED_SELECTOR = YES;
				GCC_WARN_UNINITIALIZED_AUTOS = YES_AGGRESSIVE;
				GCC_WARN_UNUSED_FUNCTION = YES;
				GCC_WARN_UNUSED_VARIABLE = YES;
				IPHONEOS_DEPLOYMENT_TARGET = 11.4;
				MTL_ENABLE_DEBUG_INFO = YES;
				ONLY_ACTIVE_ARCH = YES;
				SDKROOT = iphoneos;
				SWIFT_ACTIVE_COMPILATION_CONDITIONS = DEBUG;
				SWIFT_OPTIMIZATION_LEVEL = "-Onone";
			};
			name = Debug;
		};
		CD42AA9A211C6AE6008027BD /* Release */ = {
			isa = XCBuildConfiguration;
			buildSettings = {
				ALWAYS_SEARCH_USER_PATHS = NO;
				CLANG_ANALYZER_NONNULL = YES;
				CLANG_ANALYZER_NUMBER_OBJECT_CONVERSION = YES_AGGRESSIVE;
				CLANG_CXX_LANGUAGE_STANDARD = "gnu++14";
				CLANG_CXX_LIBRARY = "libc++";
				CLANG_ENABLE_MODULES = YES;
				CLANG_ENABLE_OBJC_ARC = YES;
				CLANG_ENABLE_OBJC_WEAK = YES;
				CLANG_WARN_BLOCK_CAPTURE_AUTORELEASING = YES;
				CLANG_WARN_BOOL_CONVERSION = YES;
				CLANG_WARN_COMMA = YES;
				CLANG_WARN_CONSTANT_CONVERSION = YES;
				CLANG_WARN_DEPRECATED_OBJC_IMPLEMENTATIONS = YES;
				CLANG_WARN_DIRECT_OBJC_ISA_USAGE = YES_ERROR;
				CLANG_WARN_DOCUMENTATION_COMMENTS = YES;
				CLANG_WARN_EMPTY_BODY = YES;
				CLANG_WARN_ENUM_CONVERSION = YES;
				CLANG_WARN_INFINITE_RECURSION = YES;
				CLANG_WARN_INT_CONVERSION = YES;
				CLANG_WARN_NON_LITERAL_NULL_CONVERSION = YES;
				CLANG_WARN_OBJC_IMPLICIT_RETAIN_SELF = YES;
				CLANG_WARN_OBJC_LITERAL_CONVERSION = YES;
				CLANG_WARN_OBJC_ROOT_CLASS = YES_ERROR;
				CLANG_WARN_RANGE_LOOP_ANALYSIS = YES;
				CLANG_WARN_STRICT_PROTOTYPES = YES;
				CLANG_WARN_SUSPICIOUS_MOVE = YES;
				CLANG_WARN_UNGUARDED_AVAILABILITY = YES_AGGRESSIVE;
				CLANG_WARN_UNREACHABLE_CODE = YES;
				CLANG_WARN__DUPLICATE_METHOD_MATCH = YES;
				CODE_SIGN_IDENTITY = "iPhone Developer";
				COPY_PHASE_STRIP = NO;
				DEBUG_INFORMATION_FORMAT = "dwarf-with-dsym";
				ENABLE_NS_ASSERTIONS = NO;
				ENABLE_STRICT_OBJC_MSGSEND = YES;
				GCC_C_LANGUAGE_STANDARD = gnu11;
				GCC_NO_COMMON_BLOCKS = YES;
				GCC_WARN_64_TO_32_BIT_CONVERSION = YES;
				GCC_WARN_ABOUT_RETURN_TYPE = YES_ERROR;
				GCC_WARN_UNDECLARED_SELECTOR = YES;
				GCC_WARN_UNINITIALIZED_AUTOS = YES_AGGRESSIVE;
				GCC_WARN_UNUSED_FUNCTION = YES;
				GCC_WARN_UNUSED_VARIABLE = YES;
				IPHONEOS_DEPLOYMENT_TARGET = 11.4;
				MTL_ENABLE_DEBUG_INFO = NO;
				SDKROOT = iphoneos;
				SWIFT_COMPILATION_MODE = wholemodule;
				SWIFT_OPTIMIZATION_LEVEL = "-O";
				VALIDATE_PRODUCT = YES;
			};
			name = Release;
		};
		CD42AA9C211C6AE6008027BD /* Debug */ = {
			isa = XCBuildConfiguration;
			buildSettings = {
				ASSETCATALOG_COMPILER_APPICON_NAME = AppIcon;
				CODE_SIGN_STYLE = Automatic;
				DEVELOPMENT_TEAM = VQ3DDEUQ7K;
				INFOPLIST_FILE = testAppObjc/Info.plist;
				LD_RUNPATH_SEARCH_PATHS = (
					"$(inherited)",
					"@executable_path/Frameworks",
				);
				PRODUCT_BUNDLE_IDENTIFIER = com.novinfard.testAppObjc;
				PRODUCT_NAME = "$(TARGET_NAME)";
				SWIFT_VERSION = 4.0;
				TARGETED_DEVICE_FAMILY = "1,2";
			};
			name = Debug;
		};
		CD42AA9D211C6AE6008027BD /* Release */ = {
			isa = XCBuildConfiguration;
			buildSettings = {
				ASSETCATALOG_COMPILER_APPICON_NAME = AppIcon;
				CODE_SIGN_STYLE = Automatic;
				DEVELOPMENT_TEAM = VQ3DDEUQ7K;
				INFOPLIST_FILE = testAppObjc/Info.plist;
				LD_RUNPATH_SEARCH_PATHS = (
					"$(inherited)",
					"@executable_path/Frameworks",
				);
				PRODUCT_BUNDLE_IDENTIFIER = com.novinfard.testAppObjc;
				PRODUCT_NAME = "$(TARGET_NAME)";
				SWIFT_VERSION = 4.0;
				TARGETED_DEVICE_FAMILY = "1,2";
			};
			name = Release;
		};
		CD42AA9F211C6AE6008027BD /* Debug */ = {
			isa = XCBuildConfiguration;
			buildSettings = {
				ALWAYS_EMBED_SWIFT_STANDARD_LIBRARIES = YES;
				BUNDLE_LOADER = "$(TEST_HOST)";
				CODE_SIGN_STYLE = Automatic;
				DEVELOPMENT_TEAM = VQ3DDEUQ7K;
				INFOPLIST_FILE = testAppObjcTests/Info.plist;
				LD_RUNPATH_SEARCH_PATHS = (
					"$(inherited)",
					"@executable_path/Frameworks",
					"@loader_path/Frameworks",
				);
				PRODUCT_BUNDLE_IDENTIFIER = com.novinfard.testAppObjcTests;
				PRODUCT_NAME = "$(TARGET_NAME)";
				SWIFT_VERSION = 4.0;
				TARGETED_DEVICE_FAMILY = "1,2";
				TEST_HOST = "$(BUILT_PRODUCTS_DIR)/testAppObjc.app/testAppObjc";
			};
			name = Debug;
		};
		CD42AAA0211C6AE6008027BD /* Release */ = {
			isa = XCBuildConfiguration;
			buildSettings = {
				ALWAYS_EMBED_SWIFT_STANDARD_LIBRARIES = YES;
				BUNDLE_LOADER = "$(TEST_HOST)";
				CODE_SIGN_STYLE = Automatic;
				DEVELOPMENT_TEAM = VQ3DDEUQ7K;
				INFOPLIST_FILE = testAppObjcTests/Info.plist;
				LD_RUNPATH_SEARCH_PATHS = (
					"$(inherited)",
					"@executable_path/Frameworks",
					"@loader_path/Frameworks",
				);
				PRODUCT_BUNDLE_IDENTIFIER = com.novinfard.testAppObjcTests;
				PRODUCT_NAME = "$(TARGET_NAME)";
				SWIFT_VERSION = 4.0;
				TARGETED_DEVICE_FAMILY = "1,2";
				TEST_HOST = "$(BUILT_PRODUCTS_DIR)/testAppObjc.app/testAppObjc";
			};
			name = Release;
		};
/* End XCBuildConfiguration section */

/* Begin XCConfigurationList section */
		CD42AA79211C6AE5008027BD /* Build configuration list for PBXProject "testAppObjc" */ = {
			isa = XCConfigurationList;
			buildConfigurations = (
				CD42AA99211C6AE6008027BD /* Debug */,
				CD42AA9A211C6AE6008027BD /* Release */,
			);
			defaultConfigurationIsVisible = 0;
			defaultConfigurationName = Release;
		};
		CD42AA9B211C6AE6008027BD /* Build configuration list for PBXNativeTarget "testAppObjc" */ = {
			isa = XCConfigurationList;
			buildConfigurations = (
				CD42AA9C211C6AE6008027BD /* Debug */,
				CD42AA9D211C6AE6008027BD /* Release */,
			);
			defaultConfigurationIsVisible = 0;
			defaultConfigurationName = Release;
		};
		CD42AA9E211C6AE6008027BD /* Build configuration list for PBXNativeTarget "testAppObjcTests" */ = {
			isa = XCConfigurationList;
			buildConfigurations = (
				CD42AA9F211C6AE6008027BD /* Debug */,
				CD42AAA0211C6AE6008027BD /* Release */,
			);
			defaultConfigurationIsVisible = 0;
			defaultConfigurationName = Release;
		};
/* End XCConfigurationList section */
	};
	rootObject = CD42AA76211C6AE5008027BD /* Project object */;
}
